{
  "name": "idl_instance_2",
  "version": "1.0.0",
  "lockfileVersion": 3,
  "requires": true,
  "packages": {
    "": {
      "dependencies": {
        "@dfinity/candid": "^2.3.0"
      }
    },
    "node_modules/@dfinity/candid": {
      "version": "2.3.0",
      "resolved": "https://registry.npmjs.org/@dfinity/candid/-/candid-2.3.0.tgz",
      "integrity": "sha512-Xzj3EWfwaVZy90jq6WBRP4Cyqo93r3g8tvBea8W8PN3I4W6KcN2/9ZJaBhT3Y4NP+p2w4ZO6aJ+qp9xH990aYw==",
      "license": "Apache-2.0",
      "peerDependencies": {
        "@dfinity/principal": "^2.3.0"
      }
    },
    "node_modules/@dfinity/principal": {
      "version": "2.3.0",
      "resolved": "https://registry.npmjs.org/@dfinity/principal/-/principal-2.3.0.tgz",
      "integrity": "sha512-rb3TsxR3L/Vq2GWV/GGIMXPbzDDqxNohPbNW8nJKhpcm8Ds00tCVEmPUDqrn735xJW0Pmzog/6/S1L9jG2UT9g==",
      "license": "Apache-2.0",
      "peer": true,
      "dependencies": {
        "@noble/hashes": "^1.3.1"
      }
    },
    "node_modules/@noble/hashes": {
      "version": "1.7.1",
      "resolved": "https://registry.npmjs.org/@noble/hashes/-/hashes-1.7.1.tgz",
      "integrity": "sha512-B8XBPsn4vT/KJAGqDzbwztd+6Yte3P4V7iafm24bxgDe/mlRuK6xmWPuCNrKt2vDafZ8MfJLlchDG/vYafQEjQ==",
      "license": "MIT",
      "peer": true,
      "engines": {
        "node": "^14.21.3 || >=16"
      },
      "funding": {
        "url": "https://paulmillr.com/funding/"
      }
    }
  }
}
